
Microsoft Visual Studio Solution File, Format Version 12.00
# Visual Studio Version 17
VisualStudioVersion = 17.5.33502.453
MinimumVisualStudioVersion = 10.0.40219.1
Project("{FAE04EC0-301F-11D3-BF4B-00C04F79EFBC}") = "BCSD Practice 05", "BCSD Practice 05.csproj", "{F05B2B24-E2DB-484A-AE88-FD6FDE3F71DD}"
EndProject
Global
	GlobalSection(SolutionConfigurationPlatforms) = preSolution
		Debug|Any CPU = Debug|Any CPU
		Release|Any CPU = Release|Any CPU
	EndGlobalSection
	GlobalSection(ProjectConfigurationPlatforms) = postSolution
		{F05B2B24-E2DB-484A-AE88-FD6FDE3F71DD}.Debug|Any CPU.ActiveCfg = Debug|Any CPU
		{F05B2B24-E2DB-484A-AE88-FD6FDE3F71DD}.Debug|Any CPU.Build.0 = Debug|Any CPU
		{F05B2B24-E2DB-484A-AE88-FD6FDE3F71DD}.Release|Any CPU.ActiveCfg = Release|Any CPU
		{F05B2B24-E2DB-484A-AE88-FD6FDE3F71DD}.Release|Any CPU.Build.0 = Release|Any CPU
	EndGlobalSection
	GlobalSection(SolutionProperties) = preSolution
		HideSolutionNode = FALSE
	EndGlobalSection
	GlobalSection(ExtensibilityGlobals) = postSolution
		SolutionGuid = {A04BD363-B967-4688-A579-04A05712C08B}
	EndGlobalSection
EndGlobal
