
Microsoft Visual Studio Solution File, Format Version 12.00
# Visual Studio Version 17
VisualStudioVersion = 17.5.33502.453
MinimumVisualStudioVersion = 10.0.40219.1
Project("{FAE04EC0-301F-11D3-BF4B-00C04F79EFBC}") = "BCSD Practice 16", "BCSD Practice 16.csproj", "{15C6812D-8F41-4099-BEE0-2A4A5C47257B}"
EndProject
Global
	GlobalSection(SolutionConfigurationPlatforms) = preSolution
		Debug|Any CPU = Debug|Any CPU
		Release|Any CPU = Release|Any CPU
	EndGlobalSection
	GlobalSection(ProjectConfigurationPlatforms) = postSolution
		{15C6812D-8F41-4099-BEE0-2A4A5C47257B}.Debug|Any CPU.ActiveCfg = Debug|Any CPU
		{15C6812D-8F41-4099-BEE0-2A4A5C47257B}.Debug|Any CPU.Build.0 = Debug|Any CPU
		{15C6812D-8F41-4099-BEE0-2A4A5C47257B}.Release|Any CPU.ActiveCfg = Release|Any CPU
		{15C6812D-8F41-4099-BEE0-2A4A5C47257B}.Release|Any CPU.Build.0 = Release|Any CPU
	EndGlobalSection
	GlobalSection(SolutionProperties) = preSolution
		HideSolutionNode = FALSE
	EndGlobalSection
	GlobalSection(ExtensibilityGlobals) = postSolution
		SolutionGuid = {59C06B7F-CF58-413A-A4B9-6EAE38BE848C}
	EndGlobalSection
EndGlobal
