
Microsoft Visual Studio Solution File, Format Version 12.00
# Visual Studio Version 17
VisualStudioVersion = 17.5.33502.453
MinimumVisualStudioVersion = 10.0.40219.1
Project("{FAE04EC0-301F-11D3-BF4B-00C04F79EFBC}") = "BCSD Practice 08", "BCSD Practice 08.csproj", "{43CB3746-32EF-47D6-8478-5EF9B68AB7C8}"
EndProject
Global
	GlobalSection(SolutionConfigurationPlatforms) = preSolution
		Debug|Any CPU = Debug|Any CPU
		Release|Any CPU = Release|Any CPU
	EndGlobalSection
	GlobalSection(ProjectConfigurationPlatforms) = postSolution
		{43CB3746-32EF-47D6-8478-5EF9B68AB7C8}.Debug|Any CPU.ActiveCfg = Debug|Any CPU
		{43CB3746-32EF-47D6-8478-5EF9B68AB7C8}.Debug|Any CPU.Build.0 = Debug|Any CPU
		{43CB3746-32EF-47D6-8478-5EF9B68AB7C8}.Release|Any CPU.ActiveCfg = Release|Any CPU
		{43CB3746-32EF-47D6-8478-5EF9B68AB7C8}.Release|Any CPU.Build.0 = Release|Any CPU
	EndGlobalSection
	GlobalSection(SolutionProperties) = preSolution
		HideSolutionNode = FALSE
	EndGlobalSection
	GlobalSection(ExtensibilityGlobals) = postSolution
		SolutionGuid = {C8EE8428-ADCD-4E17-9749-F65741B39DF0}
	EndGlobalSection
EndGlobal
