
Microsoft Visual Studio Solution File, Format Version 12.00
# Visual Studio Version 17
VisualStudioVersion = 17.5.33502.453
MinimumVisualStudioVersion = 10.0.40219.1
Project("{FAE04EC0-301F-11D3-BF4B-00C04F79EFBC}") = "BCSD Practice 17", "BCSD Practice 17.csproj", "{AB564EFB-7786-45B3-A877-0662822F7A23}"
EndProject
Global
	GlobalSection(SolutionConfigurationPlatforms) = preSolution
		Debug|Any CPU = Debug|Any CPU
		Release|Any CPU = Release|Any CPU
	EndGlobalSection
	GlobalSection(ProjectConfigurationPlatforms) = postSolution
		{AB564EFB-7786-45B3-A877-0662822F7A23}.Debug|Any CPU.ActiveCfg = Debug|Any CPU
		{AB564EFB-7786-45B3-A877-0662822F7A23}.Debug|Any CPU.Build.0 = Debug|Any CPU
		{AB564EFB-7786-45B3-A877-0662822F7A23}.Release|Any CPU.ActiveCfg = Release|Any CPU
		{AB564EFB-7786-45B3-A877-0662822F7A23}.Release|Any CPU.Build.0 = Release|Any CPU
	EndGlobalSection
	GlobalSection(SolutionProperties) = preSolution
		HideSolutionNode = FALSE
	EndGlobalSection
	GlobalSection(ExtensibilityGlobals) = postSolution
		SolutionGuid = {5E607BEB-E2BA-4E25-BA89-60E7DF570B3D}
	EndGlobalSection
EndGlobal
