
Microsoft Visual Studio Solution File, Format Version 12.00
# Visual Studio Version 17
VisualStudioVersion = 17.5.33502.453
MinimumVisualStudioVersion = 10.0.40219.1
Project("{FAE04EC0-301F-11D3-BF4B-00C04F79EFBC}") = "BCSD Practice 09", "BCSD Practice 09.csproj", "{14105D91-77CA-46FD-AD2C-05234141F698}"
EndProject
Global
	GlobalSection(SolutionConfigurationPlatforms) = preSolution
		Debug|Any CPU = Debug|Any CPU
		Release|Any CPU = Release|Any CPU
	EndGlobalSection
	GlobalSection(ProjectConfigurationPlatforms) = postSolution
		{14105D91-77CA-46FD-AD2C-05234141F698}.Debug|Any CPU.ActiveCfg = Debug|Any CPU
		{14105D91-77CA-46FD-AD2C-05234141F698}.Debug|Any CPU.Build.0 = Debug|Any CPU
		{14105D91-77CA-46FD-AD2C-05234141F698}.Release|Any CPU.ActiveCfg = Release|Any CPU
		{14105D91-77CA-46FD-AD2C-05234141F698}.Release|Any CPU.Build.0 = Release|Any CPU
	EndGlobalSection
	GlobalSection(SolutionProperties) = preSolution
		HideSolutionNode = FALSE
	EndGlobalSection
	GlobalSection(ExtensibilityGlobals) = postSolution
		SolutionGuid = {C3FF6E5B-891D-445C-B940-68CCA3084540}
	EndGlobalSection
EndGlobal
